// !$*UTF8*$!
{
	archiveVersion = 1;
	classes = {
	};
	objectVersion = 46;
	objects = {

/* Begin PBXBuildFile section */
		97B5E6D21C8BB9CD000B4554 /* main.m in Sources */ = {isa = PBXBuildFile; fileRef = 97B5E6D11C8BB9CD000B4554 /* main.m */; };
		97B5E6D51C8BB9CD000B4554 /* AppDelegate.m in Sources */ = {isa = PBXBuildFile; fileRef = 97B5E6D41C8BB9CD000B4554 /* AppDelegate.m */; };
		97B5E6D81C8BB9CD000B4554 /* MasterViewController.m in Sources */ = {isa = PBXBuildFile; fileRef = 97B5E6D71C8BB9CD000B4554 /* MasterViewController.m */; };
		97B5E6DB1C8BB9CD000B4554 /* DetailViewController.m in Sources */ = {isa = PBXBuildFile; fileRef = 97B5E6DA1C8BB9CD000B4554 /* DetailViewController.m */; };
		97B5E6DE1C8BB9CD000B4554 /* Main.storyboard in Resources */ = {isa = PBXBuildFile; fileRef = 97B5E6DC1C8BB9CD000B4554 /* Main.storyboard */; };
		97B5E6E01C8BB9CD000B4554 /* Assets.xcassets in Resources */ = {isa = PBXBuildFile; fileRef = 97B5E6DF1C8BB9CD000B4554 /* Assets.xcassets */; };
		97B5E6E31C8BB9CD000B4554 /* LaunchScreen.storyboard in Resources */ = {isa = PBXBuildFile; fileRef = 97B5E6E11C8BB9CD000B4554 /* LaunchScreen.storyboard */; };
		97B5E6EE1C8BB9CD000B4554 /* DiningPlacesTests.m in Sources */ = {isa = PBXBuildFile; fileRef = 97B5E6ED1C8BB9CD000B4554 /* DiningPlacesTests.m */; };
/* End PBXBuildFile section */

/* Begin PBXContainerItemProxy section */
		97B5E6EA1C8BB9CD000B4554 /* PBXContainerItemProxy */ = {
			isa = PBXContainerItemProxy;
			containerPortal = 97B5E6C51C8BB9CD000B4554 /* Project object */;
			proxyType = 1;
			remoteGlobalIDString = 97B5E6CC1C8BB9CD000B4554;
			remoteInfo = DiningPlaces;
		};
/* End PBXContainerItemProxy section */

/* Begin PBXFileReference section */
		97B5E6CD1C8BB9CD000B4554 /* DiningPlaces.app */ = {isa = PBXFileReference; explicitFileType = wrapper.application; includeInIndex = 0; path = DiningPlaces.app; sourceTree = BUILT_PRODUCTS_DIR; };
		97B5E6D11C8BB9CD000B4554 /* main.m */ = {isa = PBXFileReference; lastKnownFileType = sourcecode.c.objc; path = main.m; sourceTree = "<group>"; };
		97B5E6D31C8BB9CD000B4554 /* AppDelegate.h */ = {isa = PBXFileReference; lastKnownFileType = sourcecode.c.h; path = AppDelegate.h; sourceTree = "<group>"; };
		97B5E6D41C8BB9CD000B4554 /* AppDelegate.m */ = {isa = PBXFileReference; lastKnownFileType = sourcecode.c.objc; path = AppDelegate.m; sourceTree = "<group>"; };
		97B5E6D61C8BB9CD000B4554 /* MasterViewController.h */ = {isa = PBXFileReference; lastKnownFileType = sourcecode.c.h; path = MasterViewController.h; sourceTree = "<group>"; };
		97B5E6D71C8BB9CD000B4554 /* MasterViewController.m */ = {isa = PBXFileReference; lastKnownFileType = sourcecode.c.objc; path = MasterViewController.m; sourceTree = "<group>"; };
		97B5E6D91C8BB9CD000B4554 /* DetailViewController.h */ = {isa = PBXFileReference; lastKnownFileType = sourcecode.c.h; path = DetailViewController.h; sourceTree = "<group>"; };
		97B5E6DA1C8BB9CD000B4554 /* DetailViewController.m */ = {isa = PBXFileReference; lastKnownFileType = sourcecode.c.objc; path = DetailViewController.m; sourceTree = "<group>"; };
		97B5E6DD1C8BB9CD000B4554 /* Base */ = {isa = PBXFileReference; lastKnownFileType = file.storyboard; name = Base; path = Base.lproj/Main.storyboard; sourceTree = "<group>"; };
		97B5E6DF1C8BB9CD000B4554 /* Assets.xcassets */ = {isa = PBXFileReference; lastKnownFileType = folder.assetcatalog; path = Assets.xcassets; sourceTree = "<group>"; };
		97B5E6E21C8BB9CD000B4554 /* Base */ = {isa = PBXFileReference; lastKnownFileType = file.storyboard; name = Base; path = Base.lproj/LaunchScreen.storyboard; sourceTree = "<group>"; };
		97B5E6E41C8BB9CD000B4554 /* Info.plist */ = {isa = PBXFileReference; lastKnownFileType = text.plist.xml; path = Info.plist; sourceTree = "<group>"; };
		97B5E6E91C8BB9CD000B4554 /* DiningPlacesTests.xctest */ = {isa = PBXFileReference; explicitFileType = wrapper.cfbundle; includeInIndex = 0; path = DiningPlacesTests.xctest; sourceTree = BUILT_PRODUCTS_DIR; };
		97B5E6ED1C8BB9CD000B4554 /* DiningPlacesTests.m */ = {isa = PBXFileReference; lastKnownFileType = sourcecode.c.objc; path = DiningPlacesTests.m; sourceTree = "<group>"; };
		97B5E6EF1C8BB9CD000B4554 /* Info.plist */ = {isa = PBXFileReference; lastKnownFileType = text.plist.xml; path = Info.plist; sourceTree = "<group>"; };
/* End PBXFileReference section */

/* Begin PBXFrameworksBuildPhase section */
		97B5E6CA1C8BB9CD000B4554 /* Frameworks */ = {
			isa = PBXFrameworksBuildPhase;
			buildActionMask = 2147483647;
			files = (
			);
			runOnlyForDeploymentPostprocessing = 0;
		};
		97B5E6E61C8BB9CD000B4554 /* Frameworks */ = {
			isa = PBXFrameworksBuildPhase;
			buildActionMask = 2147483647;
			files = (
			);
			runOnlyForDeploymentPostprocessing = 0;
		};
/* End PBXFrameworksBuildPhase section */

/* Begin PBXGroup section */
		97B5E6C41C8BB9CD000B4554 = {
			isa = PBXGroup;
			children = (
				97B5E6CF1C8BB9CD000B4554 /* DiningPlaces */,
				97B5E6EC1C8BB9CD000B4554 /* DiningPlacesTests */,
				97B5E6CE1C8BB9CD000B4554 /* Products */,
			);
			sourceTree = "<group>";
		};
		97B5E6CE1C8BB9CD000B4554 /* Products */ = {
			isa = PBXGroup;
			children = (
				97B5E6CD1C8BB9CD000B4554 /* DiningPlaces.app */,
				97B5E6E91C8BB9CD000B4554 /* DiningPlacesTests.xctest */,
			);
			name = Products;
			sourceTree = "<group>";
		};
		97B5E6CF1C8BB9CD000B4554 /* DiningPlaces */ = {
			isa = PBXGroup;
			children = (
				97B5E6D31C8BB9CD000B4554 /* AppDelegate.h */,
				97B5E6D41C8BB9CD000B4554 /* AppDelegate.m */,
				97B5E6D61C8BB9CD000B4554 /* MasterViewController.h */,
				97B5E6D71C8BB9CD000B4554 /* MasterViewController.m */,
				97B5E6D91C8BB9CD000B4554 /* DetailViewController.h */,
				97B5E6DA1C8BB9CD000B4554 /* DetailViewController.m */,
				97B5E6DC1C8BB9CD000B4554 /* Main.storyboard */,
				97B5E6DF1C8BB9CD000B4554 /* Assets.xcassets */,
				97B5E6E11C8BB9CD000B4554 /* LaunchScreen.storyboard */,
				97B5E6E41C8BB9CD000B4554 /* Info.plist */,
				97B5E6D01C8BB9CD000B4554 /* Supporting Files */,
			);
			path = DiningPlaces;
			sourceTree = "<group>";
		};
		97B5E6D01C8BB9CD000B4554 /* Supporting Files */ = {
			isa = PBXGroup;
			children = (
				97B5E6D11C8BB9CD000B4554 /* main.m */,
			);
			name = "Supporting Files";
			sourceTree = "<group>";
		};
		97B5E6EC1C8BB9CD000B4554 /* DiningPlacesTests */ = {
			isa = PBXGroup;
			children = (
				97B5E6ED1C8BB9CD000B4554 /* DiningPlacesTests.m */,
				97B5E6EF1C8BB9CD000B4554 /* Info.plist */,
			);
			path = DiningPlacesTests;
			sourceTree = "<group>";
		};
/* End PBXGroup section */

/* Begin PBXNativeTarget section */
		97B5E6CC1C8BB9CD000B4554 /* DiningPlaces */ = {
			isa = PBXNativeTarget;
			buildConfigurationList = 97B5E6F21C8BB9CD000B4554 /* Build configuration list for PBXNativeTarget "DiningPlaces" */;
			buildPhases = (
				97B5E6C91C8BB9CD000B4554 /* Sources */,
				97B5E6CA1C8BB9CD000B4554 /* Frameworks */,
				97B5E6CB1C8BB9CD000B4554 /* Resources */,
			);
			buildRules = (
			);
			dependencies = (
			);
			name = DiningPlaces;
			productName = DiningPlaces;
			productReference = 97B5E6CD1C8BB9CD000B4554 /* DiningPlaces.app */;
			productType = "com.apple.product-type.application";
		};
		97B5E6E81C8BB9CD000B4554 /* DiningPlacesTests */ = {
			isa = PBXNativeTarget;
			buildConfigurationList = 97B5E6F51C8BB9CD000B4554 /* Build configuration list for PBXNativeTarget "DiningPlacesTests" */;
			buildPhases = (
				97B5E6E51C8BB9CD000B4554 /* Sources */,
				97B5E6E61C8BB9CD000B4554 /* Frameworks */,
				97B5E6E71C8BB9CD000B4554 /* Resources */,
			);
			buildRules = (
			);
			dependencies = (
				97B5E6EB1C8BB9CD000B4554 /* PBXTargetDependency */,
			);
			name = DiningPlacesTests;
			productName = DiningPlacesTests;
			productReference = 97B5E6E91C8BB9CD000B4554 /* DiningPlacesTests.xctest */;
			productType = "com.apple.product-type.bundle.unit-test";
		};
/* End PBXNativeTarget section */

/* Begin PBXProject section */
		97B5E6C51C8BB9CD000B4554 /* Project object */ = {
			isa = PBXProject;
			attributes = {
				LastUpgradeCheck = 0710;
				ORGANIZATIONNAME = Yuzu;
				TargetAttributes = {
					97B5E6CC1C8BB9CD000B4554 = {
						CreatedOnToolsVersion = 7.1.1;
					};
					97B5E6E81C8BB9CD000B4554 = {
						CreatedOnToolsVersion = 7.1.1;
						TestTargetID = 97B5E6CC1C8BB9CD000B4554;
					};
				};
			};
			buildConfigurationList = 97B5E6C81C8BB9CD000B4554 /* Build configuration list for PBXProject "DiningPlaces" */;
			compatibilityVersion = "Xcode 3.2";
			developmentRegion = English;
			hasScannedForEncodings = 0;
			knownRegions = (
				en,
				Base,
			);
			mainGroup = 97B5E6C41C8BB9CD000B4554;
			productRefGroup = 97B5E6CE1C8BB9CD000B4554 /* Products */;
			projectDirPath = "";
			projectRoot = "";
			targets = (
				97B5E6CC1C8BB9CD000B4554 /* DiningPlaces */,
				97B5E6E81C8BB9CD000B4554 /* DiningPlacesTests */,
			);
		};
/* End PBXProject section */

/* Begin PBXResourcesBuildPhase section */
		97B5E6CB1C8BB9CD000B4554 /* Resources */ = {
			isa = PBXResourcesBuildPhase;
			buildActionMask = 2147483647;
			files = (
				97B5E6E31C8BB9CD000B4554 /* LaunchScreen.storyboard in Resources */,
				97B5E6E01C8BB9CD000B4554 /* Assets.xcassets in Resources */,
				97B5E6DE1C8BB9CD000B4554 /* Main.storyboard in Resources */,
			);
			runOnlyForDeploymentPostprocessing = 0;
		};
		97B5E6E71C8BB9CD000B4554 /* Resources */ = {
			isa = PBXResourcesBuildPhase;
			buildActionMask = 2147483647;
			files = (
			);
			runOnlyForDeploymentPostprocessing = 0;
		};
/* End PBXResourcesBuildPhase section */

/* Begin PBXSourcesBuildPhase section */
		97B5E6C91C8BB9CD000B4554 /* Sources */ = {
			isa = PBXSourcesBuildPhase;
			buildActionMask = 2147483647;
			files = (
				97B5E6D51C8BB9CD000B4554 /* AppDelegate.m in Sources */,
				97B5E6D81C8BB9CD000B4554 /* MasterViewController.m in Sources */,
				97B5E6D21C8BB9CD000B4554 /* main.m in Sources */,
				97B5E6DB1C8BB9CD000B4554 /* DetailViewController.m in Sources */,
			);
			runOnlyForDeploymentPostprocessing = 0;
		};
		97B5E6E51C8BB9CD000B4554 /* Sources */ = {
			isa = PBXSourcesBuildPhase;
			buildActionMask = 2147483647;
			files = (
				97B5E6EE1C8BB9CD000B4554 /* DiningPlacesTests.m in Sources */,
			);
			runOnlyForDeploymentPostprocessing = 0;
		};
/* End PBXSourcesBuildPhase section */

/* Begin PBXTargetDependency section */
		97B5E6EB1C8BB9CD000B4554 /* PBXTargetDependency */ = {
			isa = PBXTargetDependency;
			target = 97B5E6CC1C8BB9CD000B4554 /* DiningPlaces */;
			targetProxy = 97B5E6EA1C8BB9CD000B4554 /* PBXContainerItemProxy */;
		};
/* End PBXTargetDependency section */

/* Begin PBXVariantGroup section */
		97B5E6DC1C8BB9CD000B4554 /* Main.storyboard */ = {
			isa = PBXVariantGroup;
			children = (
				97B5E6DD1C8BB9CD000B4554 /* Base */,
			);
			name = Main.storyboard;
			sourceTree = "<group>";
		};
		97B5E6E11C8BB9CD000B4554 /* LaunchScreen.storyboard */ = {
			isa = PBXVariantGroup;
			children = (
				97B5E6E21C8BB9CD000B4554 /* Base */,
			);
			name = LaunchScreen.storyboard;
			sourceTree = "<group>";
		};
/* End PBXVariantGroup section */

/* Begin XCBuildConfiguration section */
		97B5E6F01C8BB9CD000B4554 /* Debug */ = {
			isa = XCBuildConfiguration;
			buildSettings = {
				ALWAYS_SEARCH_USER_PATHS = NO;
				CLANG_CXX_LANGUAGE_STANDARD = "gnu++0x";
				CLANG_CXX_LIBRARY = "libc++";
				CLANG_ENABLE_MODULES = YES;
				CLANG_ENABLE_OBJC_ARC = YES;
				CLANG_WARN_BOOL_CONVERSION = YES;
				CLANG_WARN_CONSTANT_CONVERSION = YES;
				CLANG_WARN_DIRECT_OBJC_ISA_USAGE = YES_ERROR;
				CLANG_WARN_EMPTY_BODY = YES;
				CLANG_WARN_ENUM_CONVERSION = YES;
				CLANG_WARN_INT_CONVERSION = YES;
				CLANG_WARN_OBJC_ROOT_CLASS = YES_ERROR;
				CLANG_WARN_UNREACHABLE_CODE = YES;
				CLANG_WARN__DUPLICATE_METHOD_MATCH = YES;
				"CODE_SIGN_IDENTITY[sdk=iphoneos*]" = "iPhone Developer";
				COPY_PHASE_STRIP = NO;
				DEBUG_INFORMATION_FORMAT = dwarf;
				ENABLE_STRICT_OBJC_MSGSEND = YES;
				ENABLE_TESTABILITY = YES;
				GCC_C_LANGUAGE_STANDARD = gnu99;
				GCC_DYNAMIC_NO_PIC = NO;
				GCC_NO_COMMON_BLOCKS = YES;
				GCC_OPTIMIZATION_LEVEL = 0;
				GCC_PREPROCESSOR_DEFINITIONS = (
					"DEBUG=1",
					"$(inherited)",
				);
				GCC_WARN_64_TO_32_BIT_CONVERSION = YES;
				GCC_WARN_ABOUT_RETURN_TYPE = YES_ERROR;
				GCC_WARN_UNDECLARED_SELECTOR = YES;
				GCC_WARN_UNINITIALIZED_AUTOS = YES_AGGRESSIVE;
				GCC_WARN_UNUSED_FUNCTION = YES;
				GCC_WARN_UNUSED_VARIABLE = YES;
				IPHONEOS_DEPLOYMENT_TARGET = 9.1;
				MTL_ENABLE_DEBUG_INFO = YES;
				ONLY_ACTIVE_ARCH = YES;
				SDKROOT = iphoneos;
				TARGETED_DEVICE_FAMILY = "1,2";
			};
			name = Debug;
		};
		97B5E6F11C8BB9CD000B4554 /* Release */ = {
			isa = XCBuildConfiguration;
			buildSettings = {
				ALWAYS_SEARCH_USER_PATHS = NO;
				CLANG_CXX_LANGUAGE_STANDARD = "gnu++0x";
				CLANG_CXX_LIBRARY = "libc++";
				CLANG_ENABLE_MODULES = YES;
				CLANG_ENABLE_OBJC_ARC = YES;
				CLANG_WARN_BOOL_CONVERSION = YES;
				CLANG_WARN_CONSTANT_CONVERSION = YES;
				CLANG_WARN_DIRECT_OBJC_ISA_USAGE = YES_ERROR;
				CLANG_WARN_EMPTY_BODY = YES;
				CLANG_WARN_ENUM_CONVERSION = YES;
				CLANG_WARN_INT_CONVERSION = YES;
				CLANG_WARN_OBJC_ROOT_CLASS = YES_ERROR;
				CLANG_WARN_UNREACHABLE_CODE = YES;
				CLANG_WARN__DUPLICATE_METHOD_MATCH = YES;
				"CODE_SIGN_IDENTITY[sdk=iphoneos*]" = "iPhone Developer";
				COPY_PHASE_STRIP = NO;
				DEBUG_INFORMATION_FORMAT = "dwarf-with-dsym";
				ENABLE_NS_ASSERTIONS = NO;
				ENABLE_STRICT_OBJC_MSGSEND = YES;
				GCC_C_LANGUAGE_STANDARD = gnu99;
				GCC_NO_COMMON_BLOCKS = YES;
				GCC_WARN_64_TO_32_BIT_CONVERSION = YES;
				GCC_WARN_ABOUT_RETURN_TYPE = YES_ERROR;
				GCC_WARN_UNDECLARED_SELECTOR = YES;
				GCC_WARN_UNINITIALIZED_AUTOS = YES_AGGRESSIVE;
				GCC_WARN_UNUSED_FUNCTION = YES;
				GCC_WARN_UNUSED_VARIABLE = YES;
				IPHONEOS_DEPLOYMENT_TARGET = 9.1;
				MTL_ENABLE_DEBUG_INFO = NO;
				SDKROOT = iphoneos;
				TARGETED_DEVICE_FAMILY = "1,2";
				VALIDATE_PRODUCT = YES;
			};
			name = Release;
		};
		97B5E6F31C8BB9CD000B4554 /* Debug */ = {
			isa = XCBuildConfiguration;
			buildSettings = {
				ASSETCATALOG_COMPILER_APPICON_NAME = AppIcon;
				INFOPLIST_FILE = DiningPlaces/Info.plist;
				LD_RUNPATH_SEARCH_PATHS = "$(inherited) @executable_path/Frameworks";
				PRODUCT_BUNDLE_IDENTIFIER = com.irfan.DiningPlaces;
				PRODUCT_NAME = "$(TARGET_NAME)";
			};
			name = Debug;
		};
		97B5E6F41C8BB9CD000B4554 /* Release */ = {
			isa = XCBuildConfiguration;
			buildSettings = {
				ASSETCATALOG_COMPILER_APPICON_NAME = AppIcon;
				INFOPLIST_FILE = DiningPlaces/Info.plist;
				LD_RUNPATH_SEARCH_PATHS = "$(inherited) @executable_path/Frameworks";
				PRODUCT_BUNDLE_IDENTIFIER = com.irfan.DiningPlaces;
				PRODUCT_NAME = "$(TARGET_NAME)";
			};
			name = Release;
		};
		97B5E6F61C8BB9CD000B4554 /* Debug */ = {
			isa = XCBuildConfiguration;
			buildSettings = {
				BUNDLE_LOADER = "$(TEST_HOST)";
				INFOPLIST_FILE = DiningPlacesTests/Info.plist;
				LD_RUNPATH_SEARCH_PATHS = "$(inherited) @executable_path/Frameworks @loader_path/Frameworks";
				PRODUCT_BUNDLE_IDENTIFIER = com.irfan.DiningPlacesTests;
				PRODUCT_NAME = "$(TARGET_NAME)";
				TEST_HOST = "$(BUILT_PRODUCTS_DIR)/DiningPlaces.app/DiningPlaces";
			};
			name = Debug;
		};
		97B5E6F71C8BB9CD000B4554 /* Release */ = {
			isa = XCBuildConfiguration;
			buildSettings = {
				BUNDLE_LOADER = "$(TEST_HOST)";
				INFOPLIST_FILE = DiningPlacesTests/Info.plist;
				LD_RUNPATH_SEARCH_PATHS = "$(inherited) @executable_path/Frameworks @loader_path/Frameworks";
				PRODUCT_BUNDLE_IDENTIFIER = com.irfan.DiningPlacesTests;
				PRODUCT_NAME = "$(TARGET_NAME)";
				TEST_HOST = "$(BUILT_PRODUCTS_DIR)/DiningPlaces.app/DiningPlaces";
			};
			name = Release;
		};
/* End XCBuildConfiguration section */

/* Begin XCConfigurationList section */
		97B5E6C81C8BB9CD000B4554 /* Build configuration list for PBXProject "DiningPlaces" */ = {
			isa = XCConfigurationList;
			buildConfigurations = (
				97B5E6F01C8BB9CD000B4554 /* Debug */,
				97B5E6F11C8BB9CD000B4554 /* Release */,
			);
			defaultConfigurationIsVisible = 0;
			defaultConfigurationName = Release;
		};
		97B5E6F21C8BB9CD000B4554 /* Build configuration list for PBXNativeTarget "DiningPlaces" */ = {
			isa = XCConfigurationList;
			buildConfigurations = (
				97B5E6F31C8BB9CD000B4554 /* Debug */,
				97B5E6F41C8BB9CD000B4554 /* Release */,
			);
			defaultConfigurationIsVisible = 0;
		};
		97B5E6F51C8BB9CD000B4554 /* Build configuration list for PBXNativeTarget "DiningPlacesTests" */ = {
			isa = XCConfigurationList;
			buildConfigurations = (
				97B5E6F61C8BB9CD000B4554 /* Debug */,
				97B5E6F71C8BB9CD000B4554 /* Release */,
			);
			defaultConfigurationIsVisible = 0;
		};
/* End XCConfigurationList section */
	};
	rootObject = 97B5E6C51C8BB9CD000B4554 /* Project object */;
}
